
Microsoft Visual Studio Solution File, Format Version 12.00
# Visual Studio Version 17
VisualStudioVersion = 17.1.32414.318
MinimumVisualStudioVersion = 10.0.40219.1
Project("{FAE04EC0-301F-11D3-BF4B-00C04F79EFBC}") = "Chesss", "Chesss\Chesss.csproj", "{CBF01B14-4203-456B-A217-FD0044DDDC7E}"
EndProject
Global
	GlobalSection(SolutionConfigurationPlatforms) = preSolution
		Debug|Any CPU = Debug|Any CPU
		Release|Any CPU = Release|Any CPU
	EndGlobalSection
	GlobalSection(ProjectConfigurationPlatforms) = postSolution
		{CBF01B14-4203-456B-A217-FD0044DDDC7E}.Debug|Any CPU.ActiveCfg = Debug|Any CPU
		{CBF01B14-4203-456B-A217-FD0044DDDC7E}.Debug|Any CPU.Build.0 = Debug|Any CPU
		{CBF01B14-4203-456B-A217-FD0044DDDC7E}.Release|Any CPU.ActiveCfg = Release|Any CPU
		{CBF01B14-4203-456B-A217-FD0044DDDC7E}.Release|Any CPU.Build.0 = Release|Any CPU
	EndGlobalSection
	GlobalSection(SolutionProperties) = preSolution
		HideSolutionNode = FALSE
	EndGlobalSection
	GlobalSection(ExtensibilityGlobals) = postSolution
		SolutionGuid = {C392DB5C-9D4A-417A-8064-AA04CE13C376}
	EndGlobalSection
EndGlobal
